// !$*UTF8*$!
{
	archiveVersion = 1;
	classes = {
	};
	objectVersion = 46;
	objects = {

/* Begin PBXBuildFile section */
		C967CBC91B38D58E00A370EC /* MemeTableViewController.swift in Sources */ = {isa = PBXBuildFile; fileRef = C967CBC81B38D58E00A370EC /* MemeTableViewController.swift */; };
		C967CBCB1B38DB3400A370EC /* Meme.swift in Sources */ = {isa = PBXBuildFile; fileRef = C967CBCA1B38DB3400A370EC /* Meme.swift */; };
		C99F82801B3A0A5E00B8587D /* MemeDetailViewController.swift in Sources */ = {isa = PBXBuildFile; fileRef = C99F827F1B3A0A5E00B8587D /* MemeDetailViewController.swift */; };
		C99F82821B3A10C800B8587D /* tableViewCell.swift in Sources */ = {isa = PBXBuildFile; fileRef = C99F82811B3A10C800B8587D /* tableViewCell.swift */; };
		C9B767A71B33748300E3B954 /* AppDelegate.swift in Sources */ = {isa = PBXBuildFile; fileRef = C9B767A61B33748300E3B954 /* AppDelegate.swift */; };
		C9B767A91B33748300E3B954 /* MemeEditorViewController.swift in Sources */ = {isa = PBXBuildFile; fileRef = C9B767A81B33748300E3B954 /* MemeEditorViewController.swift */; };
		C9B767AC1B33748300E3B954 /* Main.storyboard in Resources */ = {isa = PBXBuildFile; fileRef = C9B767AA1B33748300E3B954 /* Main.storyboard */; };
		C9B767AE1B33748300E3B954 /* Images.xcassets in Resources */ = {isa = PBXBuildFile; fileRef = C9B767AD1B33748300E3B954 /* Images.xcassets */; };
		C9B767B11B33748300E3B954 /* LaunchScreen.xib in Resources */ = {isa = PBXBuildFile; fileRef = C9B767AF1B33748300E3B954 /* LaunchScreen.xib */; };
		C9B767BD1B33748300E3B954 /* MemeMe_FinalTests.swift in Sources */ = {isa = PBXBuildFile; fileRef = C9B767BC1B33748300E3B954 /* MemeMe_FinalTests.swift */; };
/* End PBXBuildFile section */

/* Begin PBXContainerItemProxy section */
		C9B767B71B33748300E3B954 /* PBXContainerItemProxy */ = {
			isa = PBXContainerItemProxy;
			containerPortal = C9B767991B33748300E3B954 /* Project object */;
			proxyType = 1;
			remoteGlobalIDString = C9B767A01B33748300E3B954;
			remoteInfo = MemeMe_Final;
		};
/* End PBXContainerItemProxy section */

/* Begin PBXFileReference section */
		C967CBC81B38D58E00A370EC /* MemeTableViewController.swift */ = {isa = PBXFileReference; fileEncoding = 4; lastKnownFileType = sourcecode.swift; path = MemeTableViewController.swift; sourceTree = "<group>"; };
		C967CBCA1B38DB3400A370EC /* Meme.swift */ = {isa = PBXFileReference; fileEncoding = 4; lastKnownFileType = sourcecode.swift; path = Meme.swift; sourceTree = "<group>"; };
		C99F827F1B3A0A5E00B8587D /* MemeDetailViewController.swift */ = {isa = PBXFileReference; fileEncoding = 4; lastKnownFileType = sourcecode.swift; path = MemeDetailViewController.swift; sourceTree = "<group>"; };
		C99F82811B3A10C800B8587D /* tableViewCell.swift */ = {isa = PBXFileReference; fileEncoding = 4; lastKnownFileType = sourcecode.swift; path = tableViewCell.swift; sourceTree = "<group>"; };
		C9B767A11B33748300E3B954 /* MemeMe_Final.app */ = {isa = PBXFileReference; explicitFileType = wrapper.application; includeInIndex = 0; path = MemeMe_Final.app; sourceTree = BUILT_PRODUCTS_DIR; };
		C9B767A51B33748300E3B954 /* Info.plist */ = {isa = PBXFileReference; lastKnownFileType = text.plist.xml; path = Info.plist; sourceTree = "<group>"; };
		C9B767A61B33748300E3B954 /* AppDelegate.swift */ = {isa = PBXFileReference; lastKnownFileType = sourcecode.swift; path = AppDelegate.swift; sourceTree = "<group>"; };
		C9B767A81B33748300E3B954 /* MemeEditorViewController.swift */ = {isa = PBXFileReference; lastKnownFileType = sourcecode.swift; path = MemeEditorViewController.swift; sourceTree = "<group>"; };
		C9B767AB1B33748300E3B954 /* Base */ = {isa = PBXFileReference; lastKnownFileType = file.storyboard; name = Base; path = Base.lproj/Main.storyboard; sourceTree = "<group>"; };
		C9B767AD1B33748300E3B954 /* Images.xcassets */ = {isa = PBXFileReference; lastKnownFileType = folder.assetcatalog; path = Images.xcassets; sourceTree = "<group>"; };
		C9B767B01B33748300E3B954 /* Base */ = {isa = PBXFileReference; lastKnownFileType = file.xib; name = Base; path = Base.lproj/LaunchScreen.xib; sourceTree = "<group>"; };
		C9B767B61B33748300E3B954 /* MemeMe_FinalTests.xctest */ = {isa = PBXFileReference; explicitFileType = wrapper.cfbundle; includeInIndex = 0; path = MemeMe_FinalTests.xctest; sourceTree = BUILT_PRODUCTS_DIR; };
		C9B767BB1B33748300E3B954 /* Info.plist */ = {isa = PBXFileReference; lastKnownFileType = text.plist.xml; path = Info.plist; sourceTree = "<group>"; };
		C9B767BC1B33748300E3B954 /* MemeMe_FinalTests.swift */ = {isa = PBXFileReference; lastKnownFileType = sourcecode.swift; path = MemeMe_FinalTests.swift; sourceTree = "<group>"; };
/* End PBXFileReference section */

/* Begin PBXFrameworksBuildPhase section */
		C9B7679E1B33748300E3B954 /* Frameworks */ = {
			isa = PBXFrameworksBuildPhase;
			buildActionMask = 2147483647;
			files = (
			);
			runOnlyForDeploymentPostprocessing = 0;
		};
		C9B767B31B33748300E3B954 /* Frameworks */ = {
			isa = PBXFrameworksBuildPhase;
			buildActionMask = 2147483647;
			files = (
			);
			runOnlyForDeploymentPostprocessing = 0;
		};
/* End PBXFrameworksBuildPhase section */

/* Begin PBXGroup section */
		C9B767981B33748300E3B954 = {
			isa = PBXGroup;
			children = (
				C9B767A31B33748300E3B954 /* MemeMe_Final */,
				C9B767B91B33748300E3B954 /* MemeMe_FinalTests */,
				C9B767A21B33748300E3B954 /* Products */,
			);
			sourceTree = "<group>";
		};
		C9B767A21B33748300E3B954 /* Products */ = {
			isa = PBXGroup;
			children = (
				C9B767A11B33748300E3B954 /* MemeMe_Final.app */,
				C9B767B61B33748300E3B954 /* MemeMe_FinalTests.xctest */,
			);
			name = Products;
			sourceTree = "<group>";
		};
		C9B767A31B33748300E3B954 /* MemeMe_Final */ = {
			isa = PBXGroup;
			children = (
				C9B767A61B33748300E3B954 /* AppDelegate.swift */,
				C967CBCA1B38DB3400A370EC /* Meme.swift */,
				C9B767A81B33748300E3B954 /* MemeEditorViewController.swift */,
				C967CBC81B38D58E00A370EC /* MemeTableViewController.swift */,
				C99F827F1B3A0A5E00B8587D /* MemeDetailViewController.swift */,
				C9B767AA1B33748300E3B954 /* Main.storyboard */,
				C9B767AD1B33748300E3B954 /* Images.xcassets */,
				C9B767AF1B33748300E3B954 /* LaunchScreen.xib */,
				C9B767A41B33748300E3B954 /* Supporting Files */,
				C99F82811B3A10C800B8587D /* tableViewCell.swift */,
			);
			path = MemeMe_Final;
			sourceTree = "<group>";
		};
		C9B767A41B33748300E3B954 /* Supporting Files */ = {
			isa = PBXGroup;
			children = (
				C9B767A51B33748300E3B954 /* Info.plist */,
			);
			name = "Supporting Files";
			sourceTree = "<group>";
		};
		C9B767B91B33748300E3B954 /* MemeMe_FinalTests */ = {
			isa = PBXGroup;
			children = (
				C9B767BC1B33748300E3B954 /* MemeMe_FinalTests.swift */,
				C9B767BA1B33748300E3B954 /* Supporting Files */,
			);
			path = MemeMe_FinalTests;
			sourceTree = "<group>";
		};
		C9B767BA1B33748300E3B954 /* Supporting Files */ = {
			isa = PBXGroup;
			children = (
				C9B767BB1B33748300E3B954 /* Info.plist */,
			);
			name = "Supporting Files";
			sourceTree = "<group>";
		};
/* End PBXGroup section */

/* Begin PBXNativeTarget section */
		C9B767A01B33748300E3B954 /* MemeMe_Final */ = {
			isa = PBXNativeTarget;
			buildConfigurationList = C9B767C01B33748300E3B954 /* Build configuration list for PBXNativeTarget "MemeMe_Final" */;
			buildPhases = (
				C9B7679D1B33748300E3B954 /* Sources */,
				C9B7679E1B33748300E3B954 /* Frameworks */,
				C9B7679F1B33748300E3B954 /* Resources */,
			);
			buildRules = (
			);
			dependencies = (
			);
			name = MemeMe_Final;
			productName = MemeMe_Final;
			productReference = C9B767A11B33748300E3B954 /* MemeMe_Final.app */;
			productType = "com.apple.product-type.application";
		};
		C9B767B51B33748300E3B954 /* MemeMe_FinalTests */ = {
			isa = PBXNativeTarget;
			buildConfigurationList = C9B767C31B33748300E3B954 /* Build configuration list for PBXNativeTarget "MemeMe_FinalTests" */;
			buildPhases = (
				C9B767B21B33748300E3B954 /* Sources */,
				C9B767B31B33748300E3B954 /* Frameworks */,
				C9B767B41B33748300E3B954 /* Resources */,
			);
			buildRules = (
			);
			dependencies = (
				C9B767B81B33748300E3B954 /* PBXTargetDependency */,
			);
			name = MemeMe_FinalTests;
			productName = MemeMe_FinalTests;
			productReference = C9B767B61B33748300E3B954 /* MemeMe_FinalTests.xctest */;
			productType = "com.apple.product-type.bundle.unit-test";
		};
/* End PBXNativeTarget section */

/* Begin PBXProject section */
		C9B767991B33748300E3B954 /* Project object */ = {
			isa = PBXProject;
			attributes = {
				LastUpgradeCheck = 0630;
				ORGANIZATIONNAME = Sangeetha;
				TargetAttributes = {
					C9B767A01B33748300E3B954 = {
						CreatedOnToolsVersion = 6.3.2;
					};
					C9B767B51B33748300E3B954 = {
						CreatedOnToolsVersion = 6.3.2;
						TestTargetID = C9B767A01B33748300E3B954;
					};
				};
			};
			buildConfigurationList = C9B7679C1B33748300E3B954 /* Build configuration list for PBXProject "MemeMe_Final" */;
			compatibilityVersion = "Xcode 3.2";
			developmentRegion = English;
			hasScannedForEncodings = 0;
			knownRegions = (
				en,
				Base,
			);
			mainGroup = C9B767981B33748300E3B954;
			productRefGroup = C9B767A21B33748300E3B954 /* Products */;
			projectDirPath = "";
			projectRoot = "";
			targets = (
				C9B767A01B33748300E3B954 /* MemeMe_Final */,
				C9B767B51B33748300E3B954 /* MemeMe_FinalTests */,
			);
		};
/* End PBXProject section */

/* Begin PBXResourcesBuildPhase section */
		C9B7679F1B33748300E3B954 /* Resources */ = {
			isa = PBXResourcesBuildPhase;
			buildActionMask = 2147483647;
			files = (
				C9B767AC1B33748300E3B954 /* Main.storyboard in Resources */,
				C9B767B11B33748300E3B954 /* LaunchScreen.xib in Resources */,
				C9B767AE1B33748300E3B954 /* Images.xcassets in Resources */,
			);
			runOnlyForDeploymentPostprocessing = 0;
		};
		C9B767B41B33748300E3B954 /* Resources */ = {
			isa = PBXResourcesBuildPhase;
			buildActionMask = 2147483647;
			files = (
			);
			runOnlyForDeploymentPostprocessing = 0;
		};
/* End PBXResourcesBuildPhase section */

/* Begin PBXSourcesBuildPhase section */
		C9B7679D1B33748300E3B954 /* Sources */ = {
			isa = PBXSourcesBuildPhase;
			buildActionMask = 2147483647;
			files = (
				C967CBC91B38D58E00A370EC /* MemeTableViewController.swift in Sources */,
				C967CBCB1B38DB3400A370EC /* Meme.swift in Sources */,
				C9B767A91B33748300E3B954 /* MemeEditorViewController.swift in Sources */,
				C9B767A71B33748300E3B954 /* AppDelegate.swift in Sources */,
				C99F82801B3A0A5E00B8587D /* MemeDetailViewController.swift in Sources */,
				C99F82821B3A10C800B8587D /* tableViewCell.swift in Sources */,
			);
			runOnlyForDeploymentPostprocessing = 0;
		};
		C9B767B21B33748300E3B954 /* Sources */ = {
			isa = PBXSourcesBuildPhase;
			buildActionMask = 2147483647;
			files = (
				C9B767BD1B33748300E3B954 /* MemeMe_FinalTests.swift in Sources */,
			);
			runOnlyForDeploymentPostprocessing = 0;
		};
/* End PBXSourcesBuildPhase section */

/* Begin PBXTargetDependency section */
		C9B767B81B33748300E3B954 /* PBXTargetDependency */ = {
			isa = PBXTargetDependency;
			target = C9B767A01B33748300E3B954 /* MemeMe_Final */;
			targetProxy = C9B767B71B33748300E3B954 /* PBXContainerItemProxy */;
		};
/* End PBXTargetDependency section */

/* Begin PBXVariantGroup section */
		C9B767AA1B33748300E3B954 /* Main.storyboard */ = {
			isa = PBXVariantGroup;
			children = (
				C9B767AB1B33748300E3B954 /* Base */,
			);
			name = Main.storyboard;
			sourceTree = "<group>";
		};
		C9B767AF1B33748300E3B954 /* LaunchScreen.xib */ = {
			isa = PBXVariantGroup;
			children = (
				C9B767B01B33748300E3B954 /* Base */,
			);
			name = LaunchScreen.xib;
			sourceTree = "<group>";
		};
/* End PBXVariantGroup section */

/* Begin XCBuildConfiguration section */
		C9B767BE1B33748300E3B954 /* Debug */ = {
			isa = XCBuildConfiguration;
			buildSettings = {
				ALWAYS_SEARCH_USER_PATHS = NO;
				CLANG_CXX_LANGUAGE_STANDARD = "gnu++0x";
				CLANG_CXX_LIBRARY = "libc++";
				CLANG_ENABLE_MODULES = YES;
				CLANG_ENABLE_OBJC_ARC = YES;
				CLANG_WARN_BOOL_CONVERSION = YES;
				CLANG_WARN_CONSTANT_CONVERSION = YES;
				CLANG_WARN_DIRECT_OBJC_ISA_USAGE = YES_ERROR;
				CLANG_WARN_EMPTY_BODY = YES;
				CLANG_WARN_ENUM_CONVERSION = YES;
				CLANG_WARN_INT_CONVERSION = YES;
				CLANG_WARN_OBJC_ROOT_CLASS = YES_ERROR;
				CLANG_WARN_UNREACHABLE_CODE = YES;
				CLANG_WARN__DUPLICATE_METHOD_MATCH = YES;
				"CODE_SIGN_IDENTITY[sdk=iphoneos*]" = "iPhone Developer";
				COPY_PHASE_STRIP = NO;
				DEBUG_INFORMATION_FORMAT = "dwarf-with-dsym";
				ENABLE_STRICT_OBJC_MSGSEND = YES;
				GCC_C_LANGUAGE_STANDARD = gnu99;
				GCC_DYNAMIC_NO_PIC = NO;
				GCC_NO_COMMON_BLOCKS = YES;
				GCC_OPTIMIZATION_LEVEL = 0;
				GCC_PREPROCESSOR_DEFINITIONS = (
					"DEBUG=1",
					"$(inherited)",
				);
				GCC_SYMBOLS_PRIVATE_EXTERN = NO;
				GCC_WARN_64_TO_32_BIT_CONVERSION = YES;
				GCC_WARN_ABOUT_RETURN_TYPE = YES_ERROR;
				GCC_WARN_UNDECLARED_SELECTOR = YES;
				GCC_WARN_UNINITIALIZED_AUTOS = YES_AGGRESSIVE;
				GCC_WARN_UNUSED_FUNCTION = YES;
				GCC_WARN_UNUSED_VARIABLE = YES;
				IPHONEOS_DEPLOYMENT_TARGET = 8.3;
				MTL_ENABLE_DEBUG_INFO = YES;
				ONLY_ACTIVE_ARCH = YES;
				SDKROOT = iphoneos;
				SWIFT_OPTIMIZATION_LEVEL = "-Onone";
			};
			name = Debug;
		};
		C9B767BF1B33748300E3B954 /* Release */ = {
			isa = XCBuildConfiguration;
			buildSettings = {
				ALWAYS_SEARCH_USER_PATHS = NO;
				CLANG_CXX_LANGUAGE_STANDARD = "gnu++0x";
				CLANG_CXX_LIBRARY = "libc++";
				CLANG_ENABLE_MODULES = YES;
				CLANG_ENABLE_OBJC_ARC = YES;
				CLANG_WARN_BOOL_CONVERSION = YES;
				CLANG_WARN_CONSTANT_CONVERSION = YES;
				CLANG_WARN_DIRECT_OBJC_ISA_USAGE = YES_ERROR;
				CLANG_WARN_EMPTY_BODY = YES;
				CLANG_WARN_ENUM_CONVERSION = YES;
				CLANG_WARN_INT_CONVERSION = YES;
				CLANG_WARN_OBJC_ROOT_CLASS = YES_ERROR;
				CLANG_WARN_UNREACHABLE_CODE = YES;
				CLANG_WARN__DUPLICATE_METHOD_MATCH = YES;
				"CODE_SIGN_IDENTITY[sdk=iphoneos*]" = "iPhone Developer";
				COPY_PHASE_STRIP = NO;
				DEBUG_INFORMATION_FORMAT = "dwarf-with-dsym";
				ENABLE_NS_ASSERTIONS = NO;
				ENABLE_STRICT_OBJC_MSGSEND = YES;
				GCC_C_LANGUAGE_STANDARD = gnu99;
				GCC_NO_COMMON_BLOCKS = YES;
				GCC_WARN_64_TO_32_BIT_CONVERSION = YES;
				GCC_WARN_ABOUT_RETURN_TYPE = YES_ERROR;
				GCC_WARN_UNDECLARED_SELECTOR = YES;
				GCC_WARN_UNINITIALIZED_AUTOS = YES_AGGRESSIVE;
				GCC_WARN_UNUSED_FUNCTION = YES;
				GCC_WARN_UNUSED_VARIABLE = YES;
				IPHONEOS_DEPLOYMENT_TARGET = 8.3;
				MTL_ENABLE_DEBUG_INFO = NO;
				SDKROOT = iphoneos;
				VALIDATE_PRODUCT = YES;
			};
			name = Release;
		};
		C9B767C11B33748300E3B954 /* Debug */ = {
			isa = XCBuildConfiguration;
			buildSettings = {
				ASSETCATALOG_COMPILER_APPICON_NAME = AppIcon;
				INFOPLIST_FILE = MemeMe_Final/Info.plist;
				LD_RUNPATH_SEARCH_PATHS = "$(inherited) @executable_path/Frameworks";
				PRODUCT_NAME = "$(TARGET_NAME)";
			};
			name = Debug;
		};
		C9B767C21B33748300E3B954 /* Release */ = {
			isa = XCBuildConfiguration;
			buildSettings = {
				ASSETCATALOG_COMPILER_APPICON_NAME = AppIcon;
				INFOPLIST_FILE = MemeMe_Final/Info.plist;
				LD_RUNPATH_SEARCH_PATHS = "$(inherited) @executable_path/Frameworks";
				PRODUCT_NAME = "$(TARGET_NAME)";
			};
			name = Release;
		};
		C9B767C41B33748300E3B954 /* Debug */ = {
			isa = XCBuildConfiguration;
			buildSettings = {
				BUNDLE_LOADER = "$(TEST_HOST)";
				FRAMEWORK_SEARCH_PATHS = (
					"$(SDKROOT)/Developer/Library/Frameworks",
					"$(inherited)",
				);
				GCC_PREPROCESSOR_DEFINITIONS = (
					"DEBUG=1",
					"$(inherited)",
				);
				INFOPLIST_FILE = MemeMe_FinalTests/Info.plist;
				LD_RUNPATH_SEARCH_PATHS = "$(inherited) @executable_path/Frameworks @loader_path/Frameworks";
				PRODUCT_NAME = "$(TARGET_NAME)";
				TEST_HOST = "$(BUILT_PRODUCTS_DIR)/MemeMe_Final.app/MemeMe_Final";
			};
			name = Debug;
		};
		C9B767C51B33748300E3B954 /* Release */ = {
			isa = XCBuildConfiguration;
			buildSettings = {
				BUNDLE_LOADER = "$(TEST_HOST)";
				FRAMEWORK_SEARCH_PATHS = (
					"$(SDKROOT)/Developer/Library/Frameworks",
					"$(inherited)",
				);
				INFOPLIST_FILE = MemeMe_FinalTests/Info.plist;
				LD_RUNPATH_SEARCH_PATHS = "$(inherited) @executable_path/Frameworks @loader_path/Frameworks";
				PRODUCT_NAME = "$(TARGET_NAME)";
				TEST_HOST = "$(BUILT_PRODUCTS_DIR)/MemeMe_Final.app/MemeMe_Final";
			};
			name = Release;
		};
/* End XCBuildConfiguration section */

/* Begin XCConfigurationList section */
		C9B7679C1B33748300E3B954 /* Build configuration list for PBXProject "MemeMe_Final" */ = {
			isa = XCConfigurationList;
			buildConfigurations = (
				C9B767BE1B33748300E3B954 /* Debug */,
				C9B767BF1B33748300E3B954 /* Release */,
			);
			defaultConfigurationIsVisible = 0;
			defaultConfigurationName = Release;
		};
		C9B767C01B33748300E3B954 /* Build configuration list for PBXNativeTarget "MemeMe_Final" */ = {
			isa = XCConfigurationList;
			buildConfigurations = (
				C9B767C11B33748300E3B954 /* Debug */,
				C9B767C21B33748300E3B954 /* Release */,
			);
			defaultConfigurationIsVisible = 0;
			defaultConfigurationName = Release;
		};
		C9B767C31B33748300E3B954 /* Build configuration list for PBXNativeTarget "MemeMe_FinalTests" */ = {
			isa = XCConfigurationList;
			buildConfigurations = (
				C9B767C41B33748300E3B954 /* Debug */,
				C9B767C51B33748300E3B954 /* Release */,
			);
			defaultConfigurationIsVisible = 0;
			defaultConfigurationName = Release;
		};
/* End XCConfigurationList section */
	};
	rootObject = C9B767991B33748300E3B954 /* Project object */;
}
